<?xml version="1.0" encoding="utf-8"?>
<Project ToolsVersion="4.0" xmlns="http://schemas.microsoft.com/developer/msbuild/2003">
  <ItemGroup>
    <Filter Include="Resource Files">
      <UniqueIdentifier>{67DA6AB6-F800-4c08-8B7A-83BB121AAD01}</UniqueIdentifier>
      <Extensions>qrc;rc;ico;cur;bmp;dlg;rc2;rct;bin;rgs;gif;jpg;jpeg;jpe;resx;tiff;tif;png;wav;mfcribbon-ms</Extensions>
    </Filter>
    <Filter Include="Translation Files">
      <UniqueIdentifier>{639EADAA-A684-42e4-A9AD-28FC9BCB8F7C}</UniqueIdentifier>
      <Extensions>ts</Extensions>
    </Filter>
    <Filter Include="view">
      <UniqueIdentifier>{a9751eec-c270-4890-b8ca-cb23dfcd2209}</UniqueIdentifier>
    </Filter>
    <Filter Include="config">
      <UniqueIdentifier>{93d08307-7050-47ce-b590-2d0aa51c998c}</UniqueIdentifier>
    </Filter>
    <Filter Include="include">
      <UniqueIdentifier>{778ffb16-df24-4c13-9ac1-339d8cba2a50}</UniqueIdentifier>
    </Filter>
    <Filter Include="include\windows">
      <UniqueIdentifier>{8997addc-f058-4a4d-8426-7f920097b044}</UniqueIdentifier>
    </Filter>
    <Filter Include="control">
      <UniqueIdentifier>{8d2b9853-2739-451c-b547-bd09bf070e4a}</UniqueIdentifier>
    </Filter>
    <Filter Include="include\common">
      <UniqueIdentifier>{58d5b3b1-c688-483b-ae8d-b553cf007aea}</UniqueIdentifier>
    </Filter>
    <Filter Include="view\menu">
      <UniqueIdentifier>{bd755291-42c4-4c63-914f-834722770df7}</UniqueIdentifier>
    </Filter>
    <Filter Include="view\model">
      <UniqueIdentifier>{f70da471-8966-45a6-9eac-8e8f03073bd0}</UniqueIdentifier>
    </Filter>
    <Filter Include="view\dragdrop">
      <UniqueIdentifier>{86825328-00ff-42a2-9b8a-525f2cb208d9}</UniqueIdentifier>
    </Filter>
    <Filter Include="include\helper">
      <UniqueIdentifier>{da0d91ef-facb-47cf-a031-3012d6d9e90e}</UniqueIdentifier>
    </Filter>
  </ItemGroup>
  <ItemGroup>
    <QtRcc Include="HzDesktopMgr.qrc">
      <Filter>Resource Files</Filter>
    </QtRcc>
  </ItemGroup>
  <ItemGroup>
    <ClCompile Include="HzDesktopMgr.cpp" />
    <ClCompile Include="main.cpp" />
    <ClCompile Include="view\DesktopBackgroundView.cpp">
      <Filter>view</Filter>
    </ClCompile>
    <ClCompile Include="view\DesktopViewMgr.cpp">
      <Filter>view</Filter>
    </ClCompile>
    <ClCompile Include="view\HzDesktopIconView.cpp">
      <Filter>view</Filter>
    </ClCompile>
    <ClCompile Include="view\HzSystemTray.cpp">
      <Filter>view</Filter>
    </ClCompile>
    <ClCompile Include="..\..\include\windows\UiOperation.cpp">
      <Filter>include\windows</Filter>
    </ClCompile>
    <ClCompile Include="..\..\include\common\CommonTools.cpp">
      <Filter>include\common</Filter>
    </ClCompile>
    <ClCompile Include="..\..\include\common\StringConv.cpp">
      <Filter>include\common</Filter>
    </ClCompile>
    <ClCompile Include="..\..\include\windows\FileUtils.cpp">
      <Filter>include\windows</Filter>
    </ClCompile>
    <ClCompile Include="..\..\include\windows\tools.cpp">
      <Filter>include\windows</Filter>
    </ClCompile>
    <ClCompile Include="view\showItem\HzDesktopItemModel.cpp">
      <Filter>view\model</Filter>
    </ClCompile>
    <ClCompile Include="view\menu\HzItemMenu.cpp">
      <Filter>view\menu</Filter>
    </ClCompile>
    <ClCompile Include="view\showItem\HzDesktopItemModel_p.cpp">
      <Filter>view\model</Filter>
    </ClCompile>
    <ClCompile Include="view\showItem\HzItemDelegate.cpp">
      <Filter>view\model</Filter>
    </ClCompile>
    <ClCompile Include="view\showItem\HzItemTextEditor.cpp">
      <Filter>view\model</Filter>
    </ClCompile>
    <ClCompile Include="view\HzDesktopIconView_p.cpp">
      <Filter>view</Filter>
    </ClCompile>
    <ClCompile Include="config\HzDesktopParam.cpp">
      <Filter>config</Filter>
    </ClCompile>
    <ClCompile Include="view\menu\HzItemMenu_p.cpp">
      <Filter>view\menu</Filter>
    </ClCompile>
    <ClCompile Include="..\..\include\common\ResourceHelper.cpp">
      <Filter>include\common</Filter>
    </ClCompile>
    <ClCompile Include="..\..\include\windows\WindowSubclassWrapper.cpp">
      <Filter>include\windows</Filter>
    </ClCompile>
    <ClCompile Include="view\dragdrop\HzDrag.cpp">
      <Filter>view\dragdrop</Filter>
    </ClCompile>
    <ClCompile Include="view\dragdrop\HzDrag_p.cpp">
      <Filter>view\dragdrop</Filter>
    </ClCompile>
    <ClCompile Include="view\dragdrop\HzWindowsMimeIdl.cpp">
      <Filter>view\dragdrop</Filter>
    </ClCompile>
    <ClCompile Include="..\..\include\common\ClipboardHelper.cpp">
      <Filter>include\common</Filter>
    </ClCompile>
    <ClCompile Include="..\..\include\windows\IconBitmapUtils.cpp">
      <Filter>include\windows</Filter>
    </ClCompile>
    <ClCompile Include="..\..\include\common\MenuHelper.cpp">
      <Filter>include\common</Filter>
    </ClCompile>
    <ClCompile Include="..\..\include\helper\DragDropHelpers.cpp">
      <Filter>include\helper</Filter>
    </ClCompile>
    <ClCompile Include="view\HzDragDrogWindow.cpp">
      <Filter>view</Filter>
    </ClCompile>
  </ItemGroup>
  <ItemGroup>
    <ClInclude Include="HzDesktopMgr.h" />
    <ClInclude Include="..\..\include\windows\UiOperation.h">
      <Filter>include\windows</Filter>
    </ClInclude>
    <ClInclude Include="..\..\include\windows\EnsureCleanup.h">
      <Filter>include\windows</Filter>
    </ClInclude>
    <ClInclude Include="..\..\include\common\CommonTools.h">
      <Filter>include\common</Filter>
    </ClInclude>
    <ClInclude Include="..\..\include\common\StringConv.h">
      <Filter>include\common</Filter>
    </ClInclude>
    <ClInclude Include="..\..\include\windows\FileUtils.h">
      <Filter>include\windows</Filter>
    </ClInclude>
    <ClInclude Include="..\..\include\windows\tools.h">
      <Filter>include\windows</Filter>
    </ClInclude>
    <ClInclude Include="..\..\include\common\QtpqReimp.h">
      <Filter>include\common</Filter>
    </ClInclude>
    <ClInclude Include="config\HzDesktopParam.h">
      <Filter>config</Filter>
    </ClInclude>
    <ClInclude Include="resource.h" />
    <ClInclude Include="..\..\include\common\ResourceHelper.h">
      <Filter>include\common</Filter>
    </ClInclude>
    <ClInclude Include="..\..\include\windows\WindowSubclassWrapper.h">
      <Filter>include\windows</Filter>
    </ClInclude>
    <ClInclude Include="view\dragdrop\HzDrag_p.h">
      <Filter>view\dragdrop</Filter>
    </ClInclude>
    <ClInclude Include="..\..\include\windows\QWindowsComBase.h">
      <Filter>include\windows</Filter>
    </ClInclude>
    <ClInclude Include="view\dragdrop\HzWindowsMimeIdl.h">
      <Filter>view\dragdrop</Filter>
    </ClInclude>
    <ClInclude Include="..\..\include\common\ClipboardHelper.h">
      <Filter>include\common</Filter>
    </ClInclude>
    <ClInclude Include="..\..\include\windows\IconBitmapUtils.h">
      <Filter>include\windows</Filter>
    </ClInclude>
    <ClInclude Include="..\..\include\common\MenuHelper.h">
      <Filter>include\common</Filter>
    </ClInclude>
    <ClInclude Include="..\..\include\helper\DragDropHelpers.h">
      <Filter>include\helper</Filter>
    </ClInclude>
    <ClInclude Include="view\HzDragDrogWindow.h">
      <Filter>view</Filter>
    </ClInclude>
  </ItemGroup>
  <ItemGroup>
    <QtMoc Include="view\DesktopBackgroundView.h">
      <Filter>view</Filter>
    </QtMoc>
    <QtMoc Include="view\HzDesktopIconView.h">
      <Filter>view</Filter>
    </QtMoc>
    <QtMoc Include="view\HzSystemTray.h">
      <Filter>view</Filter>
    </QtMoc>
    <QtMoc Include="view\menu\HzItemMenu.h">
      <Filter>view\menu</Filter>
    </QtMoc>
    <QtMoc Include="view\showItem\HzDesktopItemModel.h">
      <Filter>view\model</Filter>
    </QtMoc>
    <QtMoc Include="view\showItem\HzDesktopItemModel_p.h">
      <Filter>view\model</Filter>
    </QtMoc>
    <QtMoc Include="view\showItem\HzItemDelegate.h">
      <Filter>view\model</Filter>
    </QtMoc>
    <QtMoc Include="view\showItem\HzItemTextEditor.h">
      <Filter>view\model</Filter>
    </QtMoc>
    <QtMoc Include="view\HzDesktopIconView_p.h">
      <Filter>view</Filter>
    </QtMoc>
    <QtMoc Include="view\DesktopViewMgr.h">
      <Filter>view</Filter>
    </QtMoc>
    <QtMoc Include="view\menu\HzItemMenu_p.h">
      <Filter>view\menu</Filter>
    </QtMoc>
    <QtMoc Include="view\dragdrop\HzDrag.h">
      <Filter>view\dragdrop</Filter>
    </QtMoc>
  </ItemGroup>
  <ItemGroup>
    <None Include="packages.config" />
  </ItemGroup>
  <ItemGroup>
    <ResourceCompile Include="HzDesktopMgr.rc">
      <Filter>Resource Files</Filter>
    </ResourceCompile>
  </ItemGroup>
  <ItemGroup>
    <Natvis Include="$(MSBuildThisFileDirectory)..\..\natvis\wil.natvis" />
  </ItemGroup>
  <ItemGroup>
    <Image Include="view\res\vsrc\exit.ico">
      <Filter>Resource Files</Filter>
    </Image>
    <Image Include="view\res\vsrc\folder.ico">
      <Filter>Resource Files</Filter>
    </Image>
    <Image Include="view\res\vsrc\function.ico">
      <Filter>Resource Files</Filter>
    </Image>
    <Image Include="view\res\vsrc\grid.ico">
      <Filter>Resource Files</Filter>
    </Image>
    <Image Include="view\res\vsrc\manage.ico">
      <Filter>Resource Files</Filter>
    </Image>
    <Image Include="view\res\vsrc\setting.ico">
      <Filter>Resource Files</Filter>
    </Image>
    <Image Include="view\res\common\HzDesktop.ico">
      <Filter>Resource Files</Filter>
    </Image>
  </ItemGroup>
</Project>