
Microsoft Visual Studio Solution File, Format Version 12.00
# Visual Studio Version 17
VisualStudioVersion = 17.9.34723.18
MinimumVisualStudioVersion = 10.0.40219.1
Project("{8BC9CEB8-8B4A-11D0-8D11-00A0C91BC942}") = "HzDesktopMgr", "..\src\HzDesktopMgr\HzDesktopMgr.vcxproj", "{674F17EA-75A9-46E2-A621-2990A38AE852}"
EndProject
Project("{8BC9CEB8-8B4A-11D0-8D11-00A0C91BC942}") = "SettingCenter", "..\src\SettingCenter\SettingCenter.vcxproj", "{2B882B00-E96B-40A6-8A6F-DB1166479E9F}"
EndProject
Project("{8BC9CEB8-8B4A-11D0-8D11-00A0C91BC942}") = "HzDesktopMenuExt", "..\src\HzDesktopMenuExt\HzDesktopMenuExt.vcxproj", "{6A0BC5D6-B050-4690-8511-E5CA2BA91967}"
EndProject
Project("{8BC9CEB8-8B4A-11D0-8D11-00A0C91BC942}") = "HzDesktopMenuExtPS", "..\src\HzDesktopMenuExt\HzDesktopMenuExtPS\HzDesktopMenuExtPS.vcxproj", "{70AEDBA6-7481-4C25-A94F-2A93A74AE3A6}"
	ProjectSection(ProjectDependencies) = postProject
		{6A0BC5D6-B050-4690-8511-E5CA2BA91967} = {6A0BC5D6-B050-4690-8511-E5CA2BA91967}
	EndProjectSection
EndProject
Global
	GlobalSection(SolutionConfigurationPlatforms) = preSolution
		Release|x64 = Release|x64
		Release|x86 = Release|x86
	EndGlobalSection
	GlobalSection(ProjectConfigurationPlatforms) = postSolution
		{674F17EA-75A9-46E2-A621-2990A38AE852}.Release|x64.ActiveCfg = Release|x64
		{674F17EA-75A9-46E2-A621-2990A38AE852}.Release|x64.Build.0 = Release|x64
		{674F17EA-75A9-46E2-A621-2990A38AE852}.Release|x86.ActiveCfg = Release|x64
		{674F17EA-75A9-46E2-A621-2990A38AE852}.Release|x86.Build.0 = Release|x64
		{2B882B00-E96B-40A6-8A6F-DB1166479E9F}.Release|x64.ActiveCfg = Release|x64
		{2B882B00-E96B-40A6-8A6F-DB1166479E9F}.Release|x64.Build.0 = Release|x64
		{2B882B00-E96B-40A6-8A6F-DB1166479E9F}.Release|x86.ActiveCfg = Release|x64
		{2B882B00-E96B-40A6-8A6F-DB1166479E9F}.Release|x86.Build.0 = Release|x64
		{6A0BC5D6-B050-4690-8511-E5CA2BA91967}.Release|x64.ActiveCfg = Release|x64
		{6A0BC5D6-B050-4690-8511-E5CA2BA91967}.Release|x64.Build.0 = Release|x64
		{6A0BC5D6-B050-4690-8511-E5CA2BA91967}.Release|x86.ActiveCfg = Release|x64
		{70AEDBA6-7481-4C25-A94F-2A93A74AE3A6}.Release|x64.ActiveCfg = Release|x64
		{70AEDBA6-7481-4C25-A94F-2A93A74AE3A6}.Release|x86.ActiveCfg = Release|x64
	EndGlobalSection
	GlobalSection(SolutionProperties) = preSolution
		HideSolutionNode = FALSE
	EndGlobalSection
	GlobalSection(ExtensibilityGlobals) = postSolution
		SolutionGuid = {6A682EC3-CFEB-4105-93F1-2CC63681A738}
	EndGlobalSection
EndGlobal
